{
  "name": "ForeSeeAPI",
  "version": "1.0.0",
  "lockfileVersion": 1,
  "requires": true,
  "dependencies": {
    "colorx": {
      "version": "0.0.7",
      "resolved": "https://registry.npmjs.org/colorx/-/colorx-0.0.7.tgz",
      "integrity": "sha1-JJf+AOJHu4BVm4uAQzrmzSgNtnI="
    },
    "commander": {
      "version": "2.15.1",
      "resolved": "https://registry.npmjs.org/commander/-/commander-2.15.1.tgz",
      "integrity": "sha512-VlfT9F3V0v+jr4yxPc5gg9s62/fIVWsd2Bk2iD435um1NlGMYdVCq+MjcXnhYq2icNOizHr1kK+5TI6H0Hy0ag=="
    },
    "comment-parser": {
      "version": "0.3.2",
      "resolved": "https://registry.npmjs.org/comment-parser/-/comment-parser-0.3.2.tgz",
      "integrity": "sha1-PAPwd2uGo239mgosl8YwfzMggv4=",
      "requires": {
        "readable-stream": "2.3.6"
      }
    },
    "core-util-is": {
      "version": "1.0.2",
      "resolved": "https://registry.npmjs.org/core-util-is/-/core-util-is-1.0.2.tgz",
      "integrity": "sha1-tf1UIgqivFq1eqtxQMlAdUUDwac="
    },
    "inherits": {
      "version": "2.0.3",
      "resolved": "https://registry.npmjs.org/inherits/-/inherits-2.0.3.tgz",
      "integrity": "sha1-Yzwsg+PaQqUC9SRmAiSA9CCCYd4="
    },
    "isarray": {
      "version": "1.0.0",
      "resolved": "https://registry.npmjs.org/isarray/-/isarray-1.0.0.tgz",
      "integrity": "sha1-u5NdSFgsuhaMBoNJV6VKPgcSTxE="
    },
    "jscs-jsdoc": {
      "version": "2.0.0",
      "resolved": "https://registry.npmjs.org/jscs-jsdoc/-/jscs-jsdoc-2.0.0.tgz",
      "integrity": "sha1-9T684CmqMSW9iCkLpQ1k1FEKSHE=",
      "requires": {
        "comment-parser": "0.3.2",
        "jsdoctypeparser": "1.2.0"
      }
    },
    "jsdocs": {
      "version": "1.0.0",
      "resolved": "https://registry.npmjs.org/jsdocs/-/jsdocs-1.0.0.tgz",
      "integrity": "sha512-6GmPLgjwy1aDNohUauo/ALWuGGYZ7snhLpVj5n55nJMdULnWjlwJ0Zk0hmq0P94cU7P8mEDBGiMav9GEehXPrQ==",
      "requires": {
        "colorx": "0.0.7",
        "commander": "2.15.1",
        "marked": "0.3.19",
        "minitpl": "0.0.3",
        "mkdirp": "0.5.0",
        "xutil": "0.0.9"
      }
    },
    "jsdoctypeparser": {
      "version": "1.2.0",
      "resolved": "https://registry.npmjs.org/jsdoctypeparser/-/jsdoctypeparser-1.2.0.tgz",
      "integrity": "sha1-597cFToRhJ/8UUEUSuhqfvDCU5I=",
      "requires": {
        "lodash": "3.10.1"
      }
    },
    "lodash": {
      "version": "3.10.1",
      "resolved": "https://registry.npmjs.org/lodash/-/lodash-3.10.1.tgz",
      "integrity": "sha1-W/Rejkm6QYnhfUgnid/RW9FAt7Y="
    },
    "marked": {
      "version": "0.3.19",
      "resolved": "https://registry.npmjs.org/marked/-/marked-0.3.19.tgz",
      "integrity": "sha512-ea2eGWOqNxPcXv8dyERdSr/6FmzvWwzjMxpfGB/sbMccXoct+xY+YukPD+QTUZwyvK7BZwcr4m21WBOW41pAkg=="
    },
    "minimist": {
      "version": "0.0.8",
      "resolved": "https://registry.npmjs.org/minimist/-/minimist-0.0.8.tgz",
      "integrity": "sha1-hX/Kv8M5fSYluCKCYuhqp6ARsF0="
    },
    "minitpl": {
      "version": "0.0.3",
      "resolved": "https://registry.npmjs.org/minitpl/-/minitpl-0.0.3.tgz",
      "integrity": "sha1-fGA8GiR0ehRMg8mo0Vw/7lY/a/E="
    },
    "mkdirp": {
      "version": "0.5.0",
      "resolved": "https://registry.npmjs.org/mkdirp/-/mkdirp-0.5.0.tgz",
      "integrity": "sha1-HXMHam35hs2TROFecfzAWkyavxI=",
      "requires": {
        "minimist": "0.0.8"
      }
    },
    "process-nextick-args": {
      "version": "2.0.0",
      "resolved": "https://registry.npmjs.org/process-nextick-args/-/process-nextick-args-2.0.0.tgz",
      "integrity": "sha512-MtEC1TqN0EU5nephaJ4rAtThHtC86dNN9qCuEhtshvpVBkAW5ZO7BASN9REnF9eoXGcRub+pFuKEpOHE+HbEMw=="
    },
    "readable-stream": {
      "version": "2.3.6",
      "resolved": "https://registry.npmjs.org/readable-stream/-/readable-stream-2.3.6.tgz",
      "integrity": "sha512-tQtKA9WIAhBF3+VLAseyMqZeBjW0AHJoxOtYqSUZNJxauErmLbVm2FW1y+J/YA9dUrAC39ITejlZWhVIwawkKw==",
      "requires": {
        "core-util-is": "1.0.2",
        "inherits": "2.0.3",
        "isarray": "1.0.0",
        "process-nextick-args": "2.0.0",
        "safe-buffer": "5.1.1",
        "string_decoder": "1.1.1",
        "util-deprecate": "1.0.2"
      }
    },
    "safe-buffer": {
      "version": "5.1.1",
      "resolved": "https://registry.npmjs.org/safe-buffer/-/safe-buffer-5.1.1.tgz",
      "integrity": "sha512-kKvNJn6Mm93gAczWVJg7wH+wGYWNrDHdWvpUmHyEsgCtIwwo3bqPtV4tR5tuPaUhTOo/kvhVwd8XwwOllGYkbg=="
    },
    "string_decoder": {
      "version": "1.1.1",
      "resolved": "https://registry.npmjs.org/string_decoder/-/string_decoder-1.1.1.tgz",
      "integrity": "sha512-n/ShnvDi6FHbbVfviro+WojiFzv+s8MPMHBczVePfUpDJLwoLT0ht1l4YwBCbi8pJAveEEdnkHyPyTP/mzRfwg==",
      "requires": {
        "safe-buffer": "5.1.1"
      }
    },
    "util-deprecate": {
      "version": "1.0.2",
      "resolved": "https://registry.npmjs.org/util-deprecate/-/util-deprecate-1.0.2.tgz",
      "integrity": "sha1-RQ1Nyfpw3nMnYvvS1KKJgUGaDM8="
    },
    "xutil": {
      "version": "0.0.9",
      "resolved": "https://registry.npmjs.org/xutil/-/xutil-0.0.9.tgz",
      "integrity": "sha1-78/l6NxEeK1tRjwj8MTAgSQJc+w="
    }
  }
}
